// !$*UTF8*$!
{
	archiveVersion = 1;
	classes = {
	};
	objectVersion = 77;
	objects = {

/* Begin PBXContainerItemProxy section */
		927ACB9C2DBB26C000A964FC /* PBXContainerItemProxy */ = {
			isa = PBXContainerItemProxy;
			containerPortal = 927ACB7A2DBB26BF00A964FC /* Project object */;
			proxyType = 1;
			remoteGlobalIDString = 927ACB812DBB26BF00A964FC;
			remoteInfo = IOS_TankieTankz;
		};
		927ACBA62DBB26C000A964FC /* PBXContainerItemProxy */ = {
			isa = PBXContainerItemProxy;
			containerPortal = 927ACB7A2DBB26BF00A964FC /* Project object */;
			proxyType = 1;
			remoteGlobalIDString = 927ACB812DBB26BF00A964FC;
			remoteInfo = IOS_TankieTankz;
		};
/* End PBXContainerItemProxy section */

/* Begin PBXFileReference section */
		927ACB822DBB26BF00A964FC /* IOS_TankieTankz.app */ = {isa = PBXFileReference; explicitFileType = wrapper.application; includeInIndex = 0; path = IOS_TankieTankz.app; sourceTree = BUILT_PRODUCTS_DIR; };
		927ACB9B2DBB26C000A964FC /* IOS_TankieTankzTests.xctest */ = {isa = PBXFileReference; explicitFileType = wrapper.cfbundle; includeInIndex = 0; path = IOS_TankieTankzTests.xctest; sourceTree = BUILT_PRODUCTS_DIR; };
		927ACBA52DBB26C000A964FC /* IOS_TankieTankzUITests.xctest */ = {isa = PBXFileReference; explicitFileType = wrapper.cfbundle; includeInIndex = 0; path = IOS_TankieTankzUITests.xctest; sourceTree = BUILT_PRODUCTS_DIR; };
/* End PBXFileReference section */

/* Begin PBXFileSystemSynchronizedRootGroup section */
		927ACB842DBB26BF00A964FC /* IOS_TankieTankz */ = {
			isa = PBXFileSystemSynchronizedRootGroup;
			path = IOS_TankieTankz;
			sourceTree = "<group>";
		};
		927ACB9E2DBB26C000A964FC /* IOS_TankieTankzTests */ = {
			isa = PBXFileSystemSynchronizedRootGroup;
			path = IOS_TankieTankzTests;
			sourceTree = "<group>";
		};
		927ACBA82DBB26C000A964FC /* IOS_TankieTankzUITests */ = {
			isa = PBXFileSystemSynchronizedRootGroup;
			path = IOS_TankieTankzUITests;
			sourceTree = "<group>";
		};
/* End PBXFileSystemSynchronizedRootGroup section */

/* Begin PBXFrameworksBuildPhase section */
		927ACB7F2DBB26BF00A964FC /* Frameworks */ = {
			isa = PBXFrameworksBuildPhase;
			buildActionMask = 2147483647;
			files = (
			);
			runOnlyForDeploymentPostprocessing = 0;
		};
		927ACB982DBB26C000A964FC /* Frameworks */ = {
			isa = PBXFrameworksBuildPhase;
			buildActionMask = 2147483647;
			files = (
			);
			runOnlyForDeploymentPostprocessing = 0;
		};
		927ACBA22DBB26C000A964FC /* Frameworks */ = {
			isa = PBXFrameworksBuildPhase;
			buildActionMask = 2147483647;
			files = (
			);
			runOnlyForDeploymentPostprocessing = 0;
		};
/* End PBXFrameworksBuildPhase section */

/* Begin PBXGroup section */
		927ACB792DBB26BF00A964FC = {
			isa = PBXGroup;
			children = (
				927ACB842DBB26BF00A964FC /* IOS_TankieTankz */,
				927ACB9E2DBB26C000A964FC /* IOS_TankieTankzTests */,
				927ACBA82DBB26C000A964FC /* IOS_TankieTankzUITests */,
				927ACB832DBB26BF00A964FC /* Products */,
			);
			sourceTree = "<group>";
		};
		927ACB832DBB26BF00A964FC /* Products */ = {
			isa = PBXGroup;
			children = (
				927ACB822DBB26BF00A964FC /* IOS_TankieTankz.app */,
				927ACB9B2DBB26C000A964FC /* IOS_TankieTankzTests.xctest */,
				927ACBA52DBB26C000A964FC /* IOS_TankieTankzUITests.xctest */,
			);
			name = Products;
			sourceTree = "<group>";
		};
/* End PBXGroup section */

/* Begin PBXNativeTarget section */
		927ACB812DBB26BF00A964FC /* IOS_TankieTankz */ = {
			isa = PBXNativeTarget;
			buildConfigurationList = 927ACBAF2DBB26C000A964FC /* Build configuration list for PBXNativeTarget "IOS_TankieTankz" */;
			buildPhases = (
				927ACB7E2DBB26BF00A964FC /* Sources */,
				927ACB7F2DBB26BF00A964FC /* Frameworks */,
				927ACB802DBB26BF00A964FC /* Resources */,
			);
			buildRules = (
			);
			dependencies = (
			);
			fileSystemSynchronizedGroups = (
				927ACB842DBB26BF00A964FC /* IOS_TankieTankz */,
			);
			name = IOS_TankieTankz;
			packageProductDependencies = (
			);
			productName = IOS_TankieTankz;
			productReference = 927ACB822DBB26BF00A964FC /* IOS_TankieTankz.app */;
			productType = "com.apple.product-type.application";
		};
		927ACB9A2DBB26C000A964FC /* IOS_TankieTankzTests */ = {
			isa = PBXNativeTarget;
			buildConfigurationList = 927ACBB22DBB26C000A964FC /* Build configuration list for PBXNativeTarget "IOS_TankieTankzTests" */;
			buildPhases = (
				927ACB972DBB26C000A964FC /* Sources */,
				927ACB982DBB26C000A964FC /* Frameworks */,
				927ACB992DBB26C000A964FC /* Resources */,
			);
			buildRules = (
			);
			dependencies = (
				927ACB9D2DBB26C000A964FC /* PBXTargetDependency */,
			);
			fileSystemSynchronizedGroups = (
				927ACB9E2DBB26C000A964FC /* IOS_TankieTankzTests */,
			);
			name = IOS_TankieTankzTests;
			packageProductDependencies = (
			);
			productName = IOS_TankieTankzTests;
			productReference = 927ACB9B2DBB26C000A964FC /* IOS_TankieTankzTests.xctest */;
			productType = "com.apple.product-type.bundle.unit-test";
		};
		927ACBA42DBB26C000A964FC /* IOS_TankieTankzUITests */ = {
			isa = PBXNativeTarget;
			buildConfigurationList = 927ACBB52DBB26C000A964FC /* Build configuration list for PBXNativeTarget "IOS_TankieTankzUITests" */;
			buildPhases = (
				927ACBA12DBB26C000A964FC /* Sources */,
				927ACBA22DBB26C000A964FC /* Frameworks */,
				927ACBA32DBB26C000A964FC /* Resources */,
			);
			buildRules = (
			);
			dependencies = (
				927ACBA72DBB26C000A964FC /* PBXTargetDependency */,
			);
			fileSystemSynchronizedGroups = (
				927ACBA82DBB26C000A964FC /* IOS_TankieTankzUITests */,
			);
			name = IOS_TankieTankzUITests;
			packageProductDependencies = (
			);
			productName = IOS_TankieTankzUITests;
			productReference = 927ACBA52DBB26C000A964FC /* IOS_TankieTankzUITests.xctest */;
			productType = "com.apple.product-type.bundle.ui-testing";
		};
/* End PBXNativeTarget section */

/* Begin PBXProject section */
		927ACB7A2DBB26BF00A964FC /* Project object */ = {
			isa = PBXProject;
			attributes = {
				BuildIndependentTargetsInParallel = 1;
				LastSwiftUpdateCheck = 1620;
				LastUpgradeCheck = 1620;
				TargetAttributes = {
					927ACB812DBB26BF00A964FC = {
						CreatedOnToolsVersion = 16.2;
					};
					927ACB9A2DBB26C000A964FC = {
						CreatedOnToolsVersion = 16.2;
						TestTargetID = 927ACB812DBB26BF00A964FC;
					};
					927ACBA42DBB26C000A964FC = {
						CreatedOnToolsVersion = 16.2;
						TestTargetID = 927ACB812DBB26BF00A964FC;
					};
				};
			};
			buildConfigurationList = 927ACB7D2DBB26BF00A964FC /* Build configuration list for PBXProject "IOS_TankieTankz" */;
			developmentRegion = en;
			hasScannedForEncodings = 0;
			knownRegions = (
				en,
				Base,
			);
			mainGroup = 927ACB792DBB26BF00A964FC;
			minimizedProjectReferenceProxies = 1;
			preferredProjectObjectVersion = 77;
			productRefGroup = 927ACB832DBB26BF00A964FC /* Products */;
			projectDirPath = "";
			projectRoot = "";
			targets = (
				927ACB812DBB26BF00A964FC /* IOS_TankieTankz */,
				927ACB9A2DBB26C000A964FC /* IOS_TankieTankzTests */,
				927ACBA42DBB26C000A964FC /* IOS_TankieTankzUITests */,
			);
		};
/* End PBXProject section */

/* Begin PBXResourcesBuildPhase section */
		927ACB802DBB26BF00A964FC /* Resources */ = {
			isa = PBXResourcesBuildPhase;
			buildActionMask = 2147483647;
			files = (
			);
			runOnlyForDeploymentPostprocessing = 0;
		};
		927ACB992DBB26C000A964FC /* Resources */ = {
			isa = PBXResourcesBuildPhase;
			buildActionMask = 2147483647;
			files = (
			);
			runOnlyForDeploymentPostprocessing = 0;
		};
		927ACBA32DBB26C000A964FC /* Resources */ = {
			isa = PBXResourcesBuildPhase;
			buildActionMask = 2147483647;
			files = (
			);
			runOnlyForDeploymentPostprocessing = 0;
		};
/* End PBXResourcesBuildPhase section */

/* Begin PBXSourcesBuildPhase section */
		927ACB7E2DBB26BF00A964FC /* Sources */ = {
			isa = PBXSourcesBuildPhase;
			buildActionMask = 2147483647;
			files = (
			);
			runOnlyForDeploymentPostprocessing = 0;
		};
		927ACB972DBB26C000A964FC /* Sources */ = {
			isa = PBXSourcesBuildPhase;
			buildActionMask = 2147483647;
			files = (
			);
			runOnlyForDeploymentPostprocessing = 0;
		};
		927ACBA12DBB26C000A964FC /* Sources */ = {
			isa = PBXSourcesBuildPhase;
			buildActionMask = 2147483647;
			files = (
			);
			runOnlyForDeploymentPostprocessing = 0;
		};
/* End PBXSourcesBuildPhase section */

/* Begin PBXTargetDependency section */
		927ACB9D2DBB26C000A964FC /* PBXTargetDependency */ = {
			isa = PBXTargetDependency;
			target = 927ACB812DBB26BF00A964FC /* IOS_TankieTankz */;
			targetProxy = 927ACB9C2DBB26C000A964FC /* PBXContainerItemProxy */;
		};
		927ACBA72DBB26C000A964FC /* PBXTargetDependency */ = {
			isa = PBXTargetDependency;
			target = 927ACB812DBB26BF00A964FC /* IOS_TankieTankz */;
			targetProxy = 927ACBA62DBB26C000A964FC /* PBXContainerItemProxy */;
		};
/* End PBXTargetDependency section */

/* Begin XCBuildConfiguration section */
		927ACBAD2DBB26C000A964FC /* Debug */ = {
			isa = XCBuildConfiguration;
			buildSettings = {
				ALWAYS_SEARCH_USER_PATHS = NO;
				ASSETCATALOG_COMPILER_GENERATE_SWIFT_ASSET_SYMBOL_EXTENSIONS = YES;
				CLANG_ANALYZER_NONNULL = YES;
				CLANG_ANALYZER_NUMBER_OBJECT_CONVERSION = YES_AGGRESSIVE;
				CLANG_CXX_LANGUAGE_STANDARD = "gnu++20";
				CLANG_ENABLE_MODULES = YES;
				CLANG_ENABLE_OBJC_ARC = YES;
				CLANG_ENABLE_OBJC_WEAK = YES;
				CLANG_WARN_BLOCK_CAPTURE_AUTORELEASING = YES;
				CLANG_WARN_BOOL_CONVERSION = YES;
				CLANG_WARN_COMMA = YES;
				CLANG_WARN_CONSTANT_CONVERSION = YES;
				CLANG_WARN_DEPRECATED_OBJC_IMPLEMENTATIONS = YES;
				CLANG_WARN_DIRECT_OBJC_ISA_USAGE = YES_ERROR;
				CLANG_WARN_DOCUMENTATION_COMMENTS = YES;
				CLANG_WARN_EMPTY_BODY = YES;
				CLANG_WARN_ENUM_CONVERSION = YES;
				CLANG_WARN_INFINITE_RECURSION = YES;
				CLANG_WARN_INT_CONVERSION = YES;
				CLANG_WARN_NON_LITERAL_NULL_CONVERSION = YES;
				CLANG_WARN_OBJC_IMPLICIT_RETAIN_SELF = YES;
				CLANG_WARN_OBJC_LITERAL_CONVERSION = YES;
				CLANG_WARN_OBJC_ROOT_CLASS = YES_ERROR;
				CLANG_WARN_QUOTED_INCLUDE_IN_FRAMEWORK_HEADER = YES;
				CLANG_WARN_RANGE_LOOP_ANALYSIS = YES;
				CLANG_WARN_STRICT_PROTOTYPES = YES;
				CLANG_WARN_SUSPICIOUS_MOVE = YES;
				CLANG_WARN_UNGUARDED_AVAILABILITY = YES_AGGRESSIVE;
				CLANG_WARN_UNREACHABLE_CODE = YES;
				CLANG_WARN__DUPLICATE_METHOD_MATCH = YES;
				COPY_PHASE_STRIP = NO;
				DEBUG_INFORMATION_FORMAT = dwarf;
				ENABLE_STRICT_OBJC_MSGSEND = YES;
				ENABLE_TESTABILITY = YES;
				ENABLE_USER_SCRIPT_SANDBOXING = YES;
				GCC_C_LANGUAGE_STANDARD = gnu17;
				GCC_DYNAMIC_NO_PIC = NO;
				GCC_NO_COMMON_BLOCKS = YES;
				GCC_OPTIMIZATION_LEVEL = 0;
				GCC_PREPROCESSOR_DEFINITIONS = (
					"DEBUG=1",
					"$(inherited)",
				);
				GCC_WARN_64_TO_32_BIT_CONVERSION = YES;
				GCC_WARN_ABOUT_RETURN_TYPE = YES_ERROR;
				GCC_WARN_UNDECLARED_SELECTOR = YES;
				GCC_WARN_UNINITIALIZED_AUTOS = YES_AGGRESSIVE;
				GCC_WARN_UNUSED_FUNCTION = YES;
				GCC_WARN_UNUSED_VARIABLE = YES;
				IPHONEOS_DEPLOYMENT_TARGET = 18.2;
				LOCALIZATION_PREFERS_STRING_CATALOGS = YES;
				MTL_ENABLE_DEBUG_INFO = INCLUDE_SOURCE;
				MTL_FAST_MATH = YES;
				ONLY_ACTIVE_ARCH = YES;
				SDKROOT = iphoneos;
				SWIFT_ACTIVE_COMPILATION_CONDITIONS = "DEBUG $(inherited)";
				SWIFT_OPTIMIZATION_LEVEL = "-Onone";
			};
			name = Debug;
		};
		927ACBAE2DBB26C000A964FC /* Release */ = {
			isa = XCBuildConfiguration;
			buildSettings = {
				ALWAYS_SEARCH_USER_PATHS = NO;
				ASSETCATALOG_COMPILER_GENERATE_SWIFT_ASSET_SYMBOL_EXTENSIONS = YES;
				CLANG_ANALYZER_NONNULL = YES;
				CLANG_ANALYZER_NUMBER_OBJECT_CONVERSION = YES_AGGRESSIVE;
				CLANG_CXX_LANGUAGE_STANDARD = "gnu++20";
				CLANG_ENABLE_MODULES = YES;
				CLANG_ENABLE_OBJC_ARC = YES;
				CLANG_ENABLE_OBJC_WEAK = YES;
				CLANG_WARN_BLOCK_CAPTURE_AUTORELEASING = YES;
				CLANG_WARN_BOOL_CONVERSION = YES;
				CLANG_WARN_COMMA = YES;
				CLANG_WARN_CONSTANT_CONVERSION = YES;
				CLANG_WARN_DEPRECATED_OBJC_IMPLEMENTATIONS = YES;
				CLANG_WARN_DIRECT_OBJC_ISA_USAGE = YES_ERROR;
				CLANG_WARN_DOCUMENTATION_COMMENTS = YES;
				CLANG_WARN_EMPTY_BODY = YES;
				CLANG_WARN_ENUM_CONVERSION = YES;
				CLANG_WARN_INFINITE_RECURSION = YES;
				CLANG_WARN_INT_CONVERSION = YES;
				CLANG_WARN_NON_LITERAL_NULL_CONVERSION = YES;
				CLANG_WARN_OBJC_IMPLICIT_RETAIN_SELF = YES;
				CLANG_WARN_OBJC_LITERAL_CONVERSION = YES;
				CLANG_WARN_OBJC_ROOT_CLASS = YES_ERROR;
				CLANG_WARN_QUOTED_INCLUDE_IN_FRAMEWORK_HEADER = YES;
				CLANG_WARN_RANGE_LOOP_ANALYSIS = YES;
				CLANG_WARN_STRICT_PROTOTYPES = YES;
				CLANG_WARN_SUSPICIOUS_MOVE = YES;
				CLANG_WARN_UNGUARDED_AVAILABILITY = YES_AGGRESSIVE;
				CLANG_WARN_UNREACHABLE_CODE = YES;
				CLANG_WARN__DUPLICATE_METHOD_MATCH = YES;
				COPY_PHASE_STRIP = NO;
				DEBUG_INFORMATION_FORMAT = "dwarf-with-dsym";
				ENABLE_NS_ASSERTIONS = NO;
				ENABLE_STRICT_OBJC_MSGSEND = YES;
				ENABLE_USER_SCRIPT_SANDBOXING = YES;
				GCC_C_LANGUAGE_STANDARD = gnu17;
				GCC_NO_COMMON_BLOCKS = YES;
				GCC_WARN_64_TO_32_BIT_CONVERSION = YES;
				GCC_WARN_ABOUT_RETURN_TYPE = YES_ERROR;
				GCC_WARN_UNDECLARED_SELECTOR = YES;
				GCC_WARN_UNINITIALIZED_AUTOS = YES_AGGRESSIVE;
				GCC_WARN_UNUSED_FUNCTION = YES;
				GCC_WARN_UNUSED_VARIABLE = YES;
				IPHONEOS_DEPLOYMENT_TARGET = 18.2;
				LOCALIZATION_PREFERS_STRING_CATALOGS = YES;
				MTL_ENABLE_DEBUG_INFO = NO;
				MTL_FAST_MATH = YES;
				SDKROOT = iphoneos;
				SWIFT_COMPILATION_MODE = wholemodule;
				VALIDATE_PRODUCT = YES;
			};
			name = Release;
		};
		927ACBB02DBB26C000A964FC /* Debug */ = {
			isa = XCBuildConfiguration;
			buildSettings = {
				ASSETCATALOG_COMPILER_APPICON_NAME = AppIcon;
				ASSETCATALOG_COMPILER_GLOBAL_ACCENT_COLOR_NAME = AccentColor;
				CODE_SIGN_STYLE = Automatic;
				CURRENT_PROJECT_VERSION = 1;
				DEVELOPMENT_TEAM = 295M5Z78W3;
				GENERATE_INFOPLIST_FILE = YES;
				INFOPLIST_KEY_UIApplicationSupportsIndirectInputEvents = YES;
				INFOPLIST_KEY_UILaunchStoryboardName = LaunchScreen;
				INFOPLIST_KEY_UIMainStoryboardFile = Main;
				INFOPLIST_KEY_UIStatusBarHidden = YES;
				INFOPLIST_KEY_UISupportedInterfaceOrientations_iPad = "UIInterfaceOrientationPortrait UIInterfaceOrientationPortraitUpsideDown UIInterfaceOrientationLandscapeLeft UIInterfaceOrientationLandscapeRight";
				INFOPLIST_KEY_UISupportedInterfaceOrientations_iPhone = "UIInterfaceOrientationPortrait UIInterfaceOrientationLandscapeLeft UIInterfaceOrientationLandscapeRight";
				LD_RUNPATH_SEARCH_PATHS = (
					"$(inherited)",
					"@executable_path/Frameworks",
				);
				MARKETING_VERSION = 1.0;
				PRODUCT_BUNDLE_IDENTIFIER = "com.jorimoloye.IOS-TankieTankz";
				PRODUCT_NAME = "$(TARGET_NAME)";
				SWIFT_EMIT_LOC_STRINGS = YES;
				SWIFT_VERSION = 5.0;
				TARGETED_DEVICE_FAMILY = "1,2";
			};
			name = Debug;
		};
		927ACBB12DBB26C000A964FC /* Release */ = {
			isa = XCBuildConfiguration;
			buildSettings = {
				ASSETCATALOG_COMPILER_APPICON_NAME = AppIcon;
				ASSETCATALOG_COMPILER_GLOBAL_ACCENT_COLOR_NAME = AccentColor;
				CODE_SIGN_STYLE = Automatic;
				CURRENT_PROJECT_VERSION = 1;
				DEVELOPMENT_TEAM = 295M5Z78W3;
				GENERATE_INFOPLIST_FILE = YES;
				INFOPLIST_KEY_UIApplicationSupportsIndirectInputEvents = YES;
				INFOPLIST_KEY_UILaunchStoryboardName = LaunchScreen;
				INFOPLIST_KEY_UIMainStoryboardFile = Main;
				INFOPLIST_KEY_UIStatusBarHidden = YES;
				INFOPLIST_KEY_UISupportedInterfaceOrientations_iPad = "UIInterfaceOrientationPortrait UIInterfaceOrientationPortraitUpsideDown UIInterfaceOrientationLandscapeLeft UIInterfaceOrientationLandscapeRight";
				INFOPLIST_KEY_UISupportedInterfaceOrientations_iPhone = "UIInterfaceOrientationPortrait UIInterfaceOrientationLandscapeLeft UIInterfaceOrientationLandscapeRight";
				LD_RUNPATH_SEARCH_PATHS = (
					"$(inherited)",
					"@executable_path/Frameworks",
				);
				MARKETING_VERSION = 1.0;
				PRODUCT_BUNDLE_IDENTIFIER = "com.jorimoloye.IOS-TankieTankz";
				PRODUCT_NAME = "$(TARGET_NAME)";
				SWIFT_EMIT_LOC_STRINGS = YES;
				SWIFT_VERSION = 5.0;
				TARGETED_DEVICE_FAMILY = "1,2";
			};
			name = Release;
		};
		927ACBB32DBB26C000A964FC /* Debug */ = {
			isa = XCBuildConfiguration;
			buildSettings = {
				BUNDLE_LOADER = "$(TEST_HOST)";
				CODE_SIGN_STYLE = Automatic;
				CURRENT_PROJECT_VERSION = 1;
				GENERATE_INFOPLIST_FILE = YES;
				IPHONEOS_DEPLOYMENT_TARGET = 18.2;
				MARKETING_VERSION = 1.0;
				PRODUCT_BUNDLE_IDENTIFIER = "com.jorimoloye.IOS-TankieTankzTests";
				PRODUCT_NAME = "$(TARGET_NAME)";
				SWIFT_EMIT_LOC_STRINGS = NO;
				SWIFT_VERSION = 5.0;
				TARGETED_DEVICE_FAMILY = "1,2";
				TEST_HOST = "$(BUILT_PRODUCTS_DIR)/IOS_TankieTankz.app/$(BUNDLE_EXECUTABLE_FOLDER_PATH)/IOS_TankieTankz";
			};
			name = Debug;
		};
		927ACBB42DBB26C000A964FC /* Release */ = {
			isa = XCBuildConfiguration;
			buildSettings = {
				BUNDLE_LOADER = "$(TEST_HOST)";
				CODE_SIGN_STYLE = Automatic;
				CURRENT_PROJECT_VERSION = 1;
				GENERATE_INFOPLIST_FILE = YES;
				IPHONEOS_DEPLOYMENT_TARGET = 18.2;
				MARKETING_VERSION = 1.0;
				PRODUCT_BUNDLE_IDENTIFIER = "com.jorimoloye.IOS-TankieTankzTests";
				PRODUCT_NAME = "$(TARGET_NAME)";
				SWIFT_EMIT_LOC_STRINGS = NO;
				SWIFT_VERSION = 5.0;
				TARGETED_DEVICE_FAMILY = "1,2";
				TEST_HOST = "$(BUILT_PRODUCTS_DIR)/IOS_TankieTankz.app/$(BUNDLE_EXECUTABLE_FOLDER_PATH)/IOS_TankieTankz";
			};
			name = Release;
		};
		927ACBB62DBB26C000A964FC /* Debug */ = {
			isa = XCBuildConfiguration;
			buildSettings = {
				CODE_SIGN_STYLE = Automatic;
				CURRENT_PROJECT_VERSION = 1;
				GENERATE_INFOPLIST_FILE = YES;
				MARKETING_VERSION = 1.0;
				PRODUCT_BUNDLE_IDENTIFIER = "com.jorimoloye.IOS-TankieTankzUITests";
				PRODUCT_NAME = "$(TARGET_NAME)";
				SWIFT_EMIT_LOC_STRINGS = NO;
				SWIFT_VERSION = 5.0;
				TARGETED_DEVICE_FAMILY = "1,2";
				TEST_TARGET_NAME = IOS_TankieTankz;
			};
			name = Debug;
		};
		927ACBB72DBB26C000A964FC /* Release */ = {
			isa = XCBuildConfiguration;
			buildSettings = {
				CODE_SIGN_STYLE = Automatic;
				CURRENT_PROJECT_VERSION = 1;
				GENERATE_INFOPLIST_FILE = YES;
				MARKETING_VERSION = 1.0;
				PRODUCT_BUNDLE_IDENTIFIER = "com.jorimoloye.IOS-TankieTankzUITests";
				PRODUCT_NAME = "$(TARGET_NAME)";
				SWIFT_EMIT_LOC_STRINGS = NO;
				SWIFT_VERSION = 5.0;
				TARGETED_DEVICE_FAMILY = "1,2";
				TEST_TARGET_NAME = IOS_TankieTankz;
			};
			name = Release;
		};
/* End XCBuildConfiguration section */

/* Begin XCConfigurationList section */
		927ACB7D2DBB26BF00A964FC /* Build configuration list for PBXProject "IOS_TankieTankz" */ = {
			isa = XCConfigurationList;
			buildConfigurations = (
				927ACBAD2DBB26C000A964FC /* Debug */,
				927ACBAE2DBB26C000A964FC /* Release */,
			);
			defaultConfigurationIsVisible = 0;
			defaultConfigurationName = Release;
		};
		927ACBAF2DBB26C000A964FC /* Build configuration list for PBXNativeTarget "IOS_TankieTankz" */ = {
			isa = XCConfigurationList;
			buildConfigurations = (
				927ACBB02DBB26C000A964FC /* Debug */,
				927ACBB12DBB26C000A964FC /* Release */,
			);
			defaultConfigurationIsVisible = 0;
			defaultConfigurationName = Release;
		};
		927ACBB22DBB26C000A964FC /* Build configuration list for PBXNativeTarget "IOS_TankieTankzTests" */ = {
			isa = XCConfigurationList;
			buildConfigurations = (
				927ACBB32DBB26C000A964FC /* Debug */,
				927ACBB42DBB26C000A964FC /* Release */,
			);
			defaultConfigurationIsVisible = 0;
			defaultConfigurationName = Release;
		};
		927ACBB52DBB26C000A964FC /* Build configuration list for PBXNativeTarget "IOS_TankieTankzUITests" */ = {
			isa = XCConfigurationList;
			buildConfigurations = (
				927ACBB62DBB26C000A964FC /* Debug */,
				927ACBB72DBB26C000A964FC /* Release */,
			);
			defaultConfigurationIsVisible = 0;
			defaultConfigurationName = Release;
		};
/* End XCConfigurationList section */
	};
	rootObject = 927ACB7A2DBB26BF00A964FC /* Project object */;
}
